NeoBundleLock emmet-vim 4efb1c333ebb547542d23d0cac9c3bff272ac353
NeoBundleLock neobundle.vim c6fa48cd665071b7a4dbf5ab53f48cd5884716ee
NeoBundleLock syntastic 0bfac45565efa4e94364818b3b0cb2ee46826a0f
NeoBundleLock tsuquyomi 3610fcded0de1b739e351c02edb2aa26d6946139
NeoBundleLock vim-indent-guides 018298ead9d3aa9cd3b4ae222f81022a33978b09
NeoBundleLock vimproc.vim 25cb83f24edec4aec1e9f1329302235e7a7a7fe0
